// !$*UTF8*$!
{
	archiveVersion = 1;
	classes = {
	};
	objectVersion = 56;
	objects = {

/* Begin PBXBuildFile section */
		2F5456822B75AD93004C6FA5 /* FirebaseAnalytics in Frameworks */ = {isa = PBXBuildFile; productRef = 2F5456812B75AD93004C6FA5 /* FirebaseAnalytics */; };
		2F5456842B75AD93004C6FA5 /* FirebaseAnalyticsOnDeviceConversion in Frameworks */ = {isa = PBXBuildFile; productRef = 2F5456832B75AD93004C6FA5 /* FirebaseAnalyticsOnDeviceConversion */; };
		2F5456862B75AD93004C6FA5 /* FirebaseAnalyticsSwift in Frameworks */ = {isa = PBXBuildFile; productRef = 2F5456852B75AD93004C6FA5 /* FirebaseAnalyticsSwift */; };
		2F5456882B75AD93004C6FA5 /* FirebaseAnalyticsWithoutAdIdSupport in Frameworks */ = {isa = PBXBuildFile; productRef = 2F5456872B75AD93004C6FA5 /* FirebaseAnalyticsWithoutAdIdSupport */; };
		2F54568A2B75AD93004C6FA5 /* FirebaseAppCheck in Frameworks */ = {isa = PBXBuildFile; productRef = 2F5456892B75AD93004C6FA5 /* FirebaseAppCheck */; };
		2F54568C2B75AD93004C6FA5 /* FirebaseAppDistribution-Beta in Frameworks */ = {isa = PBXBuildFile; productRef = 2F54568B2B75AD93004C6FA5 /* FirebaseAppDistribution-Beta */; };
		2F54568E2B75AD93004C6FA5 /* FirebaseAuth in Frameworks */ = {isa = PBXBuildFile; productRef = 2F54568D2B75AD93004C6FA5 /* FirebaseAuth */; };
		2F5456902B75AD93004C6FA5 /* FirebaseDatabase in Frameworks */ = {isa = PBXBuildFile; productRef = 2F54568F2B75AD93004C6FA5 /* FirebaseDatabase */; };
		2F5456922B75AD93004C6FA5 /* FirebaseDatabaseSwift in Frameworks */ = {isa = PBXBuildFile; productRef = 2F5456912B75AD93004C6FA5 /* FirebaseDatabaseSwift */; };
		2F5456942B75AD93004C6FA5 /* FirebaseDynamicLinks in Frameworks */ = {isa = PBXBuildFile; productRef = 2F5456932B75AD93004C6FA5 /* FirebaseDynamicLinks */; };
		2F5456962B75AD93004C6FA5 /* FirebaseFirestore in Frameworks */ = {isa = PBXBuildFile; productRef = 2F5456952B75AD93004C6FA5 /* FirebaseFirestore */; };
		2F5456982B75AD93004C6FA5 /* FirebaseFirestoreCombine-Community in Frameworks */ = {isa = PBXBuildFile; productRef = 2F5456972B75AD93004C6FA5 /* FirebaseFirestoreCombine-Community */; };
		2F54569A2B75AD93004C6FA5 /* FirebaseFirestoreSwift in Frameworks */ = {isa = PBXBuildFile; productRef = 2F5456992B75AD93004C6FA5 /* FirebaseFirestoreSwift */; };
		2F54569C2B75AD93004C6FA5 /* FirebaseFunctions in Frameworks */ = {isa = PBXBuildFile; productRef = 2F54569B2B75AD93004C6FA5 /* FirebaseFunctions */; };
		2F54569E2B75AD93004C6FA5 /* FirebaseMessaging in Frameworks */ = {isa = PBXBuildFile; productRef = 2F54569D2B75AD93004C6FA5 /* FirebaseMessaging */; };
		2F5456A02B75AD93004C6FA5 /* FirebasePerformance in Frameworks */ = {isa = PBXBuildFile; productRef = 2F54569F2B75AD93004C6FA5 /* FirebasePerformance */; };
		2F5456A22B75AD93004C6FA5 /* FirebaseRemoteConfig in Frameworks */ = {isa = PBXBuildFile; productRef = 2F5456A12B75AD93004C6FA5 /* FirebaseRemoteConfig */; };
		2F5456A42B75AD93004C6FA5 /* FirebaseRemoteConfigSwift in Frameworks */ = {isa = PBXBuildFile; productRef = 2F5456A32B75AD93004C6FA5 /* FirebaseRemoteConfigSwift */; };
		2F5456A62B75AD93004C6FA5 /* FirebaseStorage in Frameworks */ = {isa = PBXBuildFile; productRef = 2F5456A52B75AD93004C6FA5 /* FirebaseStorage */; };
		2F5456A82B75AD93004C6FA5 /* FirebaseStorageCombine-Community in Frameworks */ = {isa = PBXBuildFile; productRef = 2F5456A72B75AD93004C6FA5 /* FirebaseStorageCombine-Community */; };
		2F5456AA2B75B480004C6FA5 /* GoogleService-Info-2.plist in Resources */ = {isa = PBXBuildFile; fileRef = 2F5456A92B75B480004C6FA5 /* GoogleService-Info-2.plist */; };
		2F7816B62B7572790012ADD4 /* ChatAppApp.swift in Sources */ = {isa = PBXBuildFile; fileRef = 2F7816B52B7572790012ADD4 /* ChatAppApp.swift */; };
		2F7816B82B7572790012ADD4 /* LoginView.swift in Sources */ = {isa = PBXBuildFile; fileRef = 2F7816B72B7572790012ADD4 /* LoginView.swift */; };
		2F7816BA2B75727A0012ADD4 /* Assets.xcassets in Resources */ = {isa = PBXBuildFile; fileRef = 2F7816B92B75727A0012ADD4 /* Assets.xcassets */; };
		2F7816BD2B75727A0012ADD4 /* Preview Assets.xcassets in Resources */ = {isa = PBXBuildFile; fileRef = 2F7816BC2B75727A0012ADD4 /* Preview Assets.xcassets */; };
/* End PBXBuildFile section */

/* Begin PBXFileReference section */
		2F5456A92B75B480004C6FA5 /* GoogleService-Info-2.plist */ = {isa = PBXFileReference; fileEncoding = 4; lastKnownFileType = text.plist.xml; path = "GoogleService-Info-2.plist"; sourceTree = "<group>"; };
		2F7816B22B7572790012ADD4 /* ChatApp.app */ = {isa = PBXFileReference; explicitFileType = wrapper.application; includeInIndex = 0; path = ChatApp.app; sourceTree = BUILT_PRODUCTS_DIR; };
		2F7816B52B7572790012ADD4 /* ChatAppApp.swift */ = {isa = PBXFileReference; lastKnownFileType = sourcecode.swift; path = ChatAppApp.swift; sourceTree = "<group>"; };
		2F7816B72B7572790012ADD4 /* LoginView.swift */ = {isa = PBXFileReference; lastKnownFileType = sourcecode.swift; path = LoginView.swift; sourceTree = "<group>"; };
		2F7816B92B75727A0012ADD4 /* Assets.xcassets */ = {isa = PBXFileReference; lastKnownFileType = folder.assetcatalog; path = Assets.xcassets; sourceTree = "<group>"; };
		2F7816BC2B75727A0012ADD4 /* Preview Assets.xcassets */ = {isa = PBXFileReference; lastKnownFileType = folder.assetcatalog; path = "Preview Assets.xcassets"; sourceTree = "<group>"; };
/* End PBXFileReference section */

/* Begin PBXFrameworksBuildPhase section */
		2F7816AF2B7572790012ADD4 /* Frameworks */ = {
			isa = PBXFrameworksBuildPhase;
			buildActionMask = 2147483647;
			files = (
				2F5456862B75AD93004C6FA5 /* FirebaseAnalyticsSwift in Frameworks */,
				2F54569C2B75AD93004C6FA5 /* FirebaseFunctions in Frameworks */,
				2F5456A82B75AD93004C6FA5 /* FirebaseStorageCombine-Community in Frameworks */,
				2F5456822B75AD93004C6FA5 /* FirebaseAnalytics in Frameworks */,
				2F5456A42B75AD93004C6FA5 /* FirebaseRemoteConfigSwift in Frameworks */,
				2F5456842B75AD93004C6FA5 /* FirebaseAnalyticsOnDeviceConversion in Frameworks */,
				2F5456A22B75AD93004C6FA5 /* FirebaseRemoteConfig in Frameworks */,
				2F5456922B75AD93004C6FA5 /* FirebaseDatabaseSwift in Frameworks */,
				2F54568A2B75AD93004C6FA5 /* FirebaseAppCheck in Frameworks */,
				2F5456A02B75AD93004C6FA5 /* FirebasePerformance in Frameworks */,
				2F5456A62B75AD93004C6FA5 /* FirebaseStorage in Frameworks */,
				2F5456882B75AD93004C6FA5 /* FirebaseAnalyticsWithoutAdIdSupport in Frameworks */,
				2F54568E2B75AD93004C6FA5 /* FirebaseAuth in Frameworks */,
				2F54569A2B75AD93004C6FA5 /* FirebaseFirestoreSwift in Frameworks */,
				2F5456902B75AD93004C6FA5 /* FirebaseDatabase in Frameworks */,
				2F54568C2B75AD93004C6FA5 /* FirebaseAppDistribution-Beta in Frameworks */,
				2F5456982B75AD93004C6FA5 /* FirebaseFirestoreCombine-Community in Frameworks */,
				2F54569E2B75AD93004C6FA5 /* FirebaseMessaging in Frameworks */,
				2F5456962B75AD93004C6FA5 /* FirebaseFirestore in Frameworks */,
				2F5456942B75AD93004C6FA5 /* FirebaseDynamicLinks in Frameworks */,
			);
			runOnlyForDeploymentPostprocessing = 0;
		};
/* End PBXFrameworksBuildPhase section */

/* Begin PBXGroup section */
		2F7816A92B7572790012ADD4 = {
			isa = PBXGroup;
			children = (
				2F7816B42B7572790012ADD4 /* ChatApp */,
				2F7816B32B7572790012ADD4 /* Products */,
			);
			sourceTree = "<group>";
		};
		2F7816B32B7572790012ADD4 /* Products */ = {
			isa = PBXGroup;
			children = (
				2F7816B22B7572790012ADD4 /* ChatApp.app */,
			);
			name = Products;
			sourceTree = "<group>";
		};
		2F7816B42B7572790012ADD4 /* ChatApp */ = {
			isa = PBXGroup;
			children = (
				2F7816B52B7572790012ADD4 /* ChatAppApp.swift */,
				2F7816B72B7572790012ADD4 /* LoginView.swift */,
				2F5456A92B75B480004C6FA5 /* GoogleService-Info-2.plist */,
				2F7816B92B75727A0012ADD4 /* Assets.xcassets */,
				2F7816BB2B75727A0012ADD4 /* Preview Content */,
			);
			path = ChatApp;
			sourceTree = "<group>";
		};
		2F7816BB2B75727A0012ADD4 /* Preview Content */ = {
			isa = PBXGroup;
			children = (
				2F7816BC2B75727A0012ADD4 /* Preview Assets.xcassets */,
			);
			path = "Preview Content";
			sourceTree = "<group>";
		};
/* End PBXGroup section */

/* Begin PBXNativeTarget section */
		2F7816B12B7572790012ADD4 /* ChatApp */ = {
			isa = PBXNativeTarget;
			buildConfigurationList = 2F7816C02B75727A0012ADD4 /* Build configuration list for PBXNativeTarget "ChatApp" */;
			buildPhases = (
				2F7816AE2B7572790012ADD4 /* Sources */,
				2F7816AF2B7572790012ADD4 /* Frameworks */,
				2F7816B02B7572790012ADD4 /* Resources */,
			);
			buildRules = (
			);
			dependencies = (
			);
			name = ChatApp;
			packageProductDependencies = (
				2F5456812B75AD93004C6FA5 /* FirebaseAnalytics */,
				2F5456832B75AD93004C6FA5 /* FirebaseAnalyticsOnDeviceConversion */,
				2F5456852B75AD93004C6FA5 /* FirebaseAnalyticsSwift */,
				2F5456872B75AD93004C6FA5 /* FirebaseAnalyticsWithoutAdIdSupport */,
				2F5456892B75AD93004C6FA5 /* FirebaseAppCheck */,
				2F54568B2B75AD93004C6FA5 /* FirebaseAppDistribution-Beta */,
				2F54568D2B75AD93004C6FA5 /* FirebaseAuth */,
				2F54568F2B75AD93004C6FA5 /* FirebaseDatabase */,
				2F5456912B75AD93004C6FA5 /* FirebaseDatabaseSwift */,
				2F5456932B75AD93004C6FA5 /* FirebaseDynamicLinks */,
				2F5456952B75AD93004C6FA5 /* FirebaseFirestore */,
				2F5456972B75AD93004C6FA5 /* FirebaseFirestoreCombine-Community */,
				2F5456992B75AD93004C6FA5 /* FirebaseFirestoreSwift */,
				2F54569B2B75AD93004C6FA5 /* FirebaseFunctions */,
				2F54569D2B75AD93004C6FA5 /* FirebaseMessaging */,
				2F54569F2B75AD93004C6FA5 /* FirebasePerformance */,
				2F5456A12B75AD93004C6FA5 /* FirebaseRemoteConfig */,
				2F5456A32B75AD93004C6FA5 /* FirebaseRemoteConfigSwift */,
				2F5456A52B75AD93004C6FA5 /* FirebaseStorage */,
				2F5456A72B75AD93004C6FA5 /* FirebaseStorageCombine-Community */,
			);
			productName = ChatApp;
			productReference = 2F7816B22B7572790012ADD4 /* ChatApp.app */;
			productType = "com.apple.product-type.application";
		};
/* End PBXNativeTarget section */

/* Begin PBXProject section */
		2F7816AA2B7572790012ADD4 /* Project object */ = {
			isa = PBXProject;
			attributes = {
				BuildIndependentTargetsInParallel = 1;
				LastSwiftUpdateCheck = 1520;
				LastUpgradeCheck = 1520;
				TargetAttributes = {
					2F7816B12B7572790012ADD4 = {
						CreatedOnToolsVersion = 15.2;
					};
				};
			};
			buildConfigurationList = 2F7816AD2B7572790012ADD4 /* Build configuration list for PBXProject "ChatApp" */;
			compatibilityVersion = "Xcode 14.0";
			developmentRegion = en;
			hasScannedForEncodings = 0;
			knownRegions = (
				en,
				Base,
			);
			mainGroup = 2F7816A92B7572790012ADD4;
			packageReferences = (
				2F5456802B75AD93004C6FA5 /* XCRemoteSwiftPackageReference "firebase-ios-sdk" */,
			);
			productRefGroup = 2F7816B32B7572790012ADD4 /* Products */;
			projectDirPath = "";
			projectRoot = "";
			targets = (
				2F7816B12B7572790012ADD4 /* ChatApp */,
			);
		};
/* End PBXProject section */

/* Begin PBXResourcesBuildPhase section */
		2F7816B02B7572790012ADD4 /* Resources */ = {
			isa = PBXResourcesBuildPhase;
			buildActionMask = 2147483647;
			files = (
				2F7816BD2B75727A0012ADD4 /* Preview Assets.xcassets in Resources */,
				2F7816BA2B75727A0012ADD4 /* Assets.xcassets in Resources */,
				2F5456AA2B75B480004C6FA5 /* GoogleService-Info-2.plist in Resources */,
			);
			runOnlyForDeploymentPostprocessing = 0;
		};
/* End PBXResourcesBuildPhase section */

/* Begin PBXSourcesBuildPhase section */
		2F7816AE2B7572790012ADD4 /* Sources */ = {
			isa = PBXSourcesBuildPhase;
			buildActionMask = 2147483647;
			files = (
				2F7816B82B7572790012ADD4 /* LoginView.swift in Sources */,
				2F7816B62B7572790012ADD4 /* ChatAppApp.swift in Sources */,
			);
			runOnlyForDeploymentPostprocessing = 0;
		};
/* End PBXSourcesBuildPhase section */

/* Begin XCBuildConfiguration section */
		2F7816BE2B75727A0012ADD4 /* Debug */ = {
			isa = XCBuildConfiguration;
			buildSettings = {
				ALWAYS_SEARCH_USER_PATHS = NO;
				ASSETCATALOG_COMPILER_GENERATE_SWIFT_ASSET_SYMBOL_EXTENSIONS = YES;
				CLANG_ANALYZER_NONNULL = YES;
				CLANG_ANALYZER_NUMBER_OBJECT_CONVERSION = YES_AGGRESSIVE;
				CLANG_CXX_LANGUAGE_STANDARD = "gnu++20";
				CLANG_ENABLE_MODULES = YES;
				CLANG_ENABLE_OBJC_ARC = YES;
				CLANG_ENABLE_OBJC_WEAK = YES;
				CLANG_WARN_BLOCK_CAPTURE_AUTORELEASING = YES;
				CLANG_WARN_BOOL_CONVERSION = YES;
				CLANG_WARN_COMMA = YES;
				CLANG_WARN_CONSTANT_CONVERSION = YES;
				CLANG_WARN_DEPRECATED_OBJC_IMPLEMENTATIONS = YES;
				CLANG_WARN_DIRECT_OBJC_ISA_USAGE = YES_ERROR;
				CLANG_WARN_DOCUMENTATION_COMMENTS = YES;
				CLANG_WARN_EMPTY_BODY = YES;
				CLANG_WARN_ENUM_CONVERSION = YES;
				CLANG_WARN_INFINITE_RECURSION = YES;
				CLANG_WARN_INT_CONVERSION = YES;
				CLANG_WARN_NON_LITERAL_NULL_CONVERSION = YES;
				CLANG_WARN_OBJC_IMPLICIT_RETAIN_SELF = YES;
				CLANG_WARN_OBJC_LITERAL_CONVERSION = YES;
				CLANG_WARN_OBJC_ROOT_CLASS = YES_ERROR;
				CLANG_WARN_QUOTED_INCLUDE_IN_FRAMEWORK_HEADER = YES;
				CLANG_WARN_RANGE_LOOP_ANALYSIS = YES;
				CLANG_WARN_STRICT_PROTOTYPES = YES;
				CLANG_WARN_SUSPICIOUS_MOVE = YES;
				CLANG_WARN_UNGUARDED_AVAILABILITY = YES_AGGRESSIVE;
				CLANG_WARN_UNREACHABLE_CODE = YES;
				CLANG_WARN__DUPLICATE_METHOD_MATCH = YES;
				COPY_PHASE_STRIP = NO;
				DEBUG_INFORMATION_FORMAT = dwarf;
				ENABLE_STRICT_OBJC_MSGSEND = YES;
				ENABLE_TESTABILITY = YES;
				ENABLE_USER_SCRIPT_SANDBOXING = YES;
				GCC_C_LANGUAGE_STANDARD = gnu17;
				GCC_DYNAMIC_NO_PIC = NO;
				GCC_NO_COMMON_BLOCKS = YES;
				GCC_OPTIMIZATION_LEVEL = 0;
				GCC_PREPROCESSOR_DEFINITIONS = (
					"DEBUG=1",
					"$(inherited)",
				);
				GCC_WARN_64_TO_32_BIT_CONVERSION = YES;
				GCC_WARN_ABOUT_RETURN_TYPE = YES_ERROR;
				GCC_WARN_UNDECLARED_SELECTOR = YES;
				GCC_WARN_UNINITIALIZED_AUTOS = YES_AGGRESSIVE;
				GCC_WARN_UNUSED_FUNCTION = YES;
				GCC_WARN_UNUSED_VARIABLE = YES;
				IPHONEOS_DEPLOYMENT_TARGET = 17.2;
				LOCALIZATION_PREFERS_STRING_CATALOGS = YES;
				MTL_ENABLE_DEBUG_INFO = INCLUDE_SOURCE;
				MTL_FAST_MATH = YES;
				ONLY_ACTIVE_ARCH = YES;
				SDKROOT = iphoneos;
				SWIFT_ACTIVE_COMPILATION_CONDITIONS = "DEBUG $(inherited)";
				SWIFT_OPTIMIZATION_LEVEL = "-Onone";
			};
			name = Debug;
		};
		2F7816BF2B75727A0012ADD4 /* Release */ = {
			isa = XCBuildConfiguration;
			buildSettings = {
				ALWAYS_SEARCH_USER_PATHS = NO;
				ASSETCATALOG_COMPILER_GENERATE_SWIFT_ASSET_SYMBOL_EXTENSIONS = YES;
				CLANG_ANALYZER_NONNULL = YES;
				CLANG_ANALYZER_NUMBER_OBJECT_CONVERSION = YES_AGGRESSIVE;
				CLANG_CXX_LANGUAGE_STANDARD = "gnu++20";
				CLANG_ENABLE_MODULES = YES;
				CLANG_ENABLE_OBJC_ARC = YES;
				CLANG_ENABLE_OBJC_WEAK = YES;
				CLANG_WARN_BLOCK_CAPTURE_AUTORELEASING = YES;
				CLANG_WARN_BOOL_CONVERSION = YES;
				CLANG_WARN_COMMA = YES;
				CLANG_WARN_CONSTANT_CONVERSION = YES;
				CLANG_WARN_DEPRECATED_OBJC_IMPLEMENTATIONS = YES;
				CLANG_WARN_DIRECT_OBJC_ISA_USAGE = YES_ERROR;
				CLANG_WARN_DOCUMENTATION_COMMENTS = YES;
				CLANG_WARN_EMPTY_BODY = YES;
				CLANG_WARN_ENUM_CONVERSION = YES;
				CLANG_WARN_INFINITE_RECURSION = YES;
				CLANG_WARN_INT_CONVERSION = YES;
				CLANG_WARN_NON_LITERAL_NULL_CONVERSION = YES;
				CLANG_WARN_OBJC_IMPLICIT_RETAIN_SELF = YES;
				CLANG_WARN_OBJC_LITERAL_CONVERSION = YES;
				CLANG_WARN_OBJC_ROOT_CLASS = YES_ERROR;
				CLANG_WARN_QUOTED_INCLUDE_IN_FRAMEWORK_HEADER = YES;
				CLANG_WARN_RANGE_LOOP_ANALYSIS = YES;
				CLANG_WARN_STRICT_PROTOTYPES = YES;
				CLANG_WARN_SUSPICIOUS_MOVE = YES;
				CLANG_WARN_UNGUARDED_AVAILABILITY = YES_AGGRESSIVE;
				CLANG_WARN_UNREACHABLE_CODE = YES;
				CLANG_WARN__DUPLICATE_METHOD_MATCH = YES;
				COPY_PHASE_STRIP = NO;
				DEBUG_INFORMATION_FORMAT = "dwarf-with-dsym";
				ENABLE_NS_ASSERTIONS = NO;
				ENABLE_STRICT_OBJC_MSGSEND = YES;
				ENABLE_USER_SCRIPT_SANDBOXING = YES;
				GCC_C_LANGUAGE_STANDARD = gnu17;
				GCC_NO_COMMON_BLOCKS = YES;
				GCC_WARN_64_TO_32_BIT_CONVERSION = YES;
				GCC_WARN_ABOUT_RETURN_TYPE = YES_ERROR;
				GCC_WARN_UNDECLARED_SELECTOR = YES;
				GCC_WARN_UNINITIALIZED_AUTOS = YES_AGGRESSIVE;
				GCC_WARN_UNUSED_FUNCTION = YES;
				GCC_WARN_UNUSED_VARIABLE = YES;
				IPHONEOS_DEPLOYMENT_TARGET = 17.2;
				LOCALIZATION_PREFERS_STRING_CATALOGS = YES;
				MTL_ENABLE_DEBUG_INFO = NO;
				MTL_FAST_MATH = YES;
				SDKROOT = iphoneos;
				SWIFT_COMPILATION_MODE = wholemodule;
				VALIDATE_PRODUCT = YES;
			};
			name = Release;
		};
		2F7816C12B75727A0012ADD4 /* Debug */ = {
			isa = XCBuildConfiguration;
			buildSettings = {
				ASSETCATALOG_COMPILER_APPICON_NAME = AppIcon;
				ASSETCATALOG_COMPILER_GLOBAL_ACCENT_COLOR_NAME = AccentColor;
				CODE_SIGN_STYLE = Automatic;
				CURRENT_PROJECT_VERSION = 1;
				DEVELOPMENT_ASSET_PATHS = "\"ChatApp/Preview Content\"";
				ENABLE_PREVIEWS = YES;
				GENERATE_INFOPLIST_FILE = YES;
				INFOPLIST_KEY_UIApplicationSceneManifest_Generation = YES;
				INFOPLIST_KEY_UIApplicationSupportsIndirectInputEvents = YES;
				INFOPLIST_KEY_UILaunchScreen_Generation = YES;
				INFOPLIST_KEY_UISupportedInterfaceOrientations_iPad = "UIInterfaceOrientationPortrait UIInterfaceOrientationPortraitUpsideDown UIInterfaceOrientationLandscapeLeft UIInterfaceOrientationLandscapeRight";
				INFOPLIST_KEY_UISupportedInterfaceOrientations_iPhone = "UIInterfaceOrientationPortrait UIInterfaceOrientationLandscapeLeft UIInterfaceOrientationLandscapeRight";
				LD_RUNPATH_SEARCH_PATHS = (
					"$(inherited)",
					"@executable_path/Frameworks",
				);
				MARKETING_VERSION = 1.0;
				PRODUCT_BUNDLE_IDENTIFIER = Land.ChatApp;
				PRODUCT_NAME = "$(TARGET_NAME)";
				SWIFT_EMIT_LOC_STRINGS = YES;
				SWIFT_VERSION = 5.0;
				TARGETED_DEVICE_FAMILY = "1,2";
			};
			name = Debug;
		};
		2F7816C22B75727A0012ADD4 /* Release */ = {
			isa = XCBuildConfiguration;
			buildSettings = {
				ASSETCATALOG_COMPILER_APPICON_NAME = AppIcon;
				ASSETCATALOG_COMPILER_GLOBAL_ACCENT_COLOR_NAME = AccentColor;
				CODE_SIGN_STYLE = Automatic;
				CURRENT_PROJECT_VERSION = 1;
				DEVELOPMENT_ASSET_PATHS = "\"ChatApp/Preview Content\"";
				ENABLE_PREVIEWS = YES;
				GENERATE_INFOPLIST_FILE = YES;
				INFOPLIST_KEY_UIApplicationSceneManifest_Generation = YES;
				INFOPLIST_KEY_UIApplicationSupportsIndirectInputEvents = YES;
				INFOPLIST_KEY_UILaunchScreen_Generation = YES;
				INFOPLIST_KEY_UISupportedInterfaceOrientations_iPad = "UIInterfaceOrientationPortrait UIInterfaceOrientationPortraitUpsideDown UIInterfaceOrientationLandscapeLeft UIInterfaceOrientationLandscapeRight";
				INFOPLIST_KEY_UISupportedInterfaceOrientations_iPhone = "UIInterfaceOrientationPortrait UIInterfaceOrientationLandscapeLeft UIInterfaceOrientationLandscapeRight";
				LD_RUNPATH_SEARCH_PATHS = (
					"$(inherited)",
					"@executable_path/Frameworks",
				);
				MARKETING_VERSION = 1.0;
				PRODUCT_BUNDLE_IDENTIFIER = Land.ChatApp;
				PRODUCT_NAME = "$(TARGET_NAME)";
				SWIFT_EMIT_LOC_STRINGS = YES;
				SWIFT_VERSION = 5.0;
				TARGETED_DEVICE_FAMILY = "1,2";
			};
			name = Release;
		};
/* End XCBuildConfiguration section */

/* Begin XCConfigurationList section */
		2F7816AD2B7572790012ADD4 /* Build configuration list for PBXProject "ChatApp" */ = {
			isa = XCConfigurationList;
			buildConfigurations = (
				2F7816BE2B75727A0012ADD4 /* Debug */,
				2F7816BF2B75727A0012ADD4 /* Release */,
			);
			defaultConfigurationIsVisible = 0;
			defaultConfigurationName = Release;
		};
		2F7816C02B75727A0012ADD4 /* Build configuration list for PBXNativeTarget "ChatApp" */ = {
			isa = XCConfigurationList;
			buildConfigurations = (
				2F7816C12B75727A0012ADD4 /* Debug */,
				2F7816C22B75727A0012ADD4 /* Release */,
			);
			defaultConfigurationIsVisible = 0;
			defaultConfigurationName = Release;
		};
/* End XCConfigurationList section */

/* Begin XCRemoteSwiftPackageReference section */
		2F5456802B75AD93004C6FA5 /* XCRemoteSwiftPackageReference "firebase-ios-sdk" */ = {
			isa = XCRemoteSwiftPackageReference;
			repositoryURL = "https://github.com/firebase/firebase-ios-sdk.git";
			requirement = {
				kind = upToNextMajorVersion;
				minimumVersion = 10.21.0;
			};
		};
/* End XCRemoteSwiftPackageReference section */

/* Begin XCSwiftPackageProductDependency section */
		2F5456812B75AD93004C6FA5 /* FirebaseAnalytics */ = {
			isa = XCSwiftPackageProductDependency;
			package = 2F5456802B75AD93004C6FA5 /* XCRemoteSwiftPackageReference "firebase-ios-sdk" */;
			productName = FirebaseAnalytics;
		};
		2F5456832B75AD93004C6FA5 /* FirebaseAnalyticsOnDeviceConversion */ = {
			isa = XCSwiftPackageProductDependency;
			package = 2F5456802B75AD93004C6FA5 /* XCRemoteSwiftPackageReference "firebase-ios-sdk" */;
			productName = FirebaseAnalyticsOnDeviceConversion;
		};
		2F5456852B75AD93004C6FA5 /* FirebaseAnalyticsSwift */ = {
			isa = XCSwiftPackageProductDependency;
			package = 2F5456802B75AD93004C6FA5 /* XCRemoteSwiftPackageReference "firebase-ios-sdk" */;
			productName = FirebaseAnalyticsSwift;
		};
		2F5456872B75AD93004C6FA5 /* FirebaseAnalyticsWithoutAdIdSupport */ = {
			isa = XCSwiftPackageProductDependency;
			package = 2F5456802B75AD93004C6FA5 /* XCRemoteSwiftPackageReference "firebase-ios-sdk" */;
			productName = FirebaseAnalyticsWithoutAdIdSupport;
		};
		2F5456892B75AD93004C6FA5 /* FirebaseAppCheck */ = {
			isa = XCSwiftPackageProductDependency;
			package = 2F5456802B75AD93004C6FA5 /* XCRemoteSwiftPackageReference "firebase-ios-sdk" */;
			productName = FirebaseAppCheck;
		};
		2F54568B2B75AD93004C6FA5 /* FirebaseAppDistribution-Beta */ = {
			isa = XCSwiftPackageProductDependency;
			package = 2F5456802B75AD93004C6FA5 /* XCRemoteSwiftPackageReference "firebase-ios-sdk" */;
			productName = "FirebaseAppDistribution-Beta";
		};
		2F54568D2B75AD93004C6FA5 /* FirebaseAuth */ = {
			isa = XCSwiftPackageProductDependency;
			package = 2F5456802B75AD93004C6FA5 /* XCRemoteSwiftPackageReference "firebase-ios-sdk" */;
			productName = FirebaseAuth;
		};
		2F54568F2B75AD93004C6FA5 /* FirebaseDatabase */ = {
			isa = XCSwiftPackageProductDependency;
			package = 2F5456802B75AD93004C6FA5 /* XCRemoteSwiftPackageReference "firebase-ios-sdk" */;
			productName = FirebaseDatabase;
		};
		2F5456912B75AD93004C6FA5 /* FirebaseDatabaseSwift */ = {
			isa = XCSwiftPackageProductDependency;
			package = 2F5456802B75AD93004C6FA5 /* XCRemoteSwiftPackageReference "firebase-ios-sdk" */;
			productName = FirebaseDatabaseSwift;
		};
		2F5456932B75AD93004C6FA5 /* FirebaseDynamicLinks */ = {
			isa = XCSwiftPackageProductDependency;
			package = 2F5456802B75AD93004C6FA5 /* XCRemoteSwiftPackageReference "firebase-ios-sdk" */;
			productName = FirebaseDynamicLinks;
		};
		2F5456952B75AD93004C6FA5 /* FirebaseFirestore */ = {
			isa = XCSwiftPackageProductDependency;
			package = 2F5456802B75AD93004C6FA5 /* XCRemoteSwiftPackageReference "firebase-ios-sdk" */;
			productName = FirebaseFirestore;
		};
		2F5456972B75AD93004C6FA5 /* FirebaseFirestoreCombine-Community */ = {
			isa = XCSwiftPackageProductDependency;
			package = 2F5456802B75AD93004C6FA5 /* XCRemoteSwiftPackageReference "firebase-ios-sdk" */;
			productName = "FirebaseFirestoreCombine-Community";
		};
		2F5456992B75AD93004C6FA5 /* FirebaseFirestoreSwift */ = {
			isa = XCSwiftPackageProductDependency;
			package = 2F5456802B75AD93004C6FA5 /* XCRemoteSwiftPackageReference "firebase-ios-sdk" */;
			productName = FirebaseFirestoreSwift;
		};
		2F54569B2B75AD93004C6FA5 /* FirebaseFunctions */ = {
			isa = XCSwiftPackageProductDependency;
			package = 2F5456802B75AD93004C6FA5 /* XCRemoteSwiftPackageReference "firebase-ios-sdk" */;
			productName = FirebaseFunctions;
		};
		2F54569D2B75AD93004C6FA5 /* FirebaseMessaging */ = {
			isa = XCSwiftPackageProductDependency;
			package = 2F5456802B75AD93004C6FA5 /* XCRemoteSwiftPackageReference "firebase-ios-sdk" */;
			productName = FirebaseMessaging;
		};
		2F54569F2B75AD93004C6FA5 /* FirebasePerformance */ = {
			isa = XCSwiftPackageProductDependency;
			package = 2F5456802B75AD93004C6FA5 /* XCRemoteSwiftPackageReference "firebase-ios-sdk" */;
			productName = FirebasePerformance;
		};
		2F5456A12B75AD93004C6FA5 /* FirebaseRemoteConfig */ = {
			isa = XCSwiftPackageProductDependency;
			package = 2F5456802B75AD93004C6FA5 /* XCRemoteSwiftPackageReference "firebase-ios-sdk" */;
			productName = FirebaseRemoteConfig;
		};
		2F5456A32B75AD93004C6FA5 /* FirebaseRemoteConfigSwift */ = {
			isa = XCSwiftPackageProductDependency;
			package = 2F5456802B75AD93004C6FA5 /* XCRemoteSwiftPackageReference "firebase-ios-sdk" */;
			productName = FirebaseRemoteConfigSwift;
		};
		2F5456A52B75AD93004C6FA5 /* FirebaseStorage */ = {
			isa = XCSwiftPackageProductDependency;
			package = 2F5456802B75AD93004C6FA5 /* XCRemoteSwiftPackageReference "firebase-ios-sdk" */;
			productName = FirebaseStorage;
		};
		2F5456A72B75AD93004C6FA5 /* FirebaseStorageCombine-Community */ = {
			isa = XCSwiftPackageProductDependency;
			package = 2F5456802B75AD93004C6FA5 /* XCRemoteSwiftPackageReference "firebase-ios-sdk" */;
			productName = "FirebaseStorageCombine-Community";
		};
/* End XCSwiftPackageProductDependency section */
	};
	rootObject = 2F7816AA2B7572790012ADD4 /* Project object */;
}
